
Microsoft Visual Studio Solution File, Format Version 12.00
# Visual Studio 2012
Project("{FAE04EC0-301F-11D3-BF4B-00C04F79EFBC}") = "UnityVS.SimpleFramework.CSharp", "UnityVS.SimpleFramework.CSharp.csproj", "{B98C234F-5BD7-2A59-B22F-BA65DF523AD1}"
EndProject
Project("{FAE04EC0-301F-11D3-BF4B-00C04F79EFBC}") = "UnityVS.SimpleFramework.CSharp.Editor", "UnityVS.SimpleFramework.CSharp.Editor.csproj", "{53575EF7-5554-0479-6BD8-F36D6336EBF5}"
EndProject
Project("{FAE04EC0-301F-11D3-BF4B-00C04F79EFBC}") = "UnityVS.SimpleFramework.CSharp.Plugins", "UnityVS.SimpleFramework.CSharp.Plugins.csproj", "{3D265091-8176-25B2-6F36-295DF0A74EB4}"
EndProject
Global
	GlobalSection(SolutionConfigurationPlatforms) = preSolution
		Debug|Any CPU = Debug|Any CPU
		Release|Any CPU = Release|Any CPU
	EndGlobalSection
	GlobalSection(ProjectConfigurationPlatforms) = postSolution
		{B98C234F-5BD7-2A59-B22F-BA65DF523AD1}.Debug|Any CPU.ActiveCfg = Debug|Any CPU
		{B98C234F-5BD7-2A59-B22F-BA65DF523AD1}.Debug|Any CPU.Build.0 = Debug|Any CPU
		{B98C234F-5BD7-2A59-B22F-BA65DF523AD1}.Release|Any CPU.ActiveCfg = Release|Any CPU
		{B98C234F-5BD7-2A59-B22F-BA65DF523AD1}.Release|Any CPU.Build.0 = Release|Any CPU
		{53575EF7-5554-0479-6BD8-F36D6336EBF5}.Debug|Any CPU.ActiveCfg = Debug|Any CPU
		{53575EF7-5554-0479-6BD8-F36D6336EBF5}.Debug|Any CPU.Build.0 = Debug|Any CPU
		{53575EF7-5554-0479-6BD8-F36D6336EBF5}.Release|Any CPU.ActiveCfg = Release|Any CPU
		{53575EF7-5554-0479-6BD8-F36D6336EBF5}.Release|Any CPU.Build.0 = Release|Any CPU
		{3D265091-8176-25B2-6F36-295DF0A74EB4}.Debug|Any CPU.ActiveCfg = Debug|Any CPU
		{3D265091-8176-25B2-6F36-295DF0A74EB4}.Debug|Any CPU.Build.0 = Debug|Any CPU
		{3D265091-8176-25B2-6F36-295DF0A74EB4}.Release|Any CPU.ActiveCfg = Release|Any CPU
		{3D265091-8176-25B2-6F36-295DF0A74EB4}.Release|Any CPU.Build.0 = Release|Any CPU
	EndGlobalSection
	GlobalSection(SolutionProperties) = preSolution
		HideSolutionNode = FALSE
	EndGlobalSection
EndGlobal
